lockfileVersion: '6.0'

settings:
  autoInstallPeers: true
  excludeLinksFromLockfile: false

dependencies:
  '@anthropic-ai/sdk':
    specifier: ^0.19.0
    version: 0.19.0
  dotenv:
    specifier: ^16.4.5
    version: 16.4.5

devDependencies:
  '@biomejs/biome':
    specifier: ^1.6.1
    version: 1.6.1
  '@tsconfig/node20':
    specifier: ^20.1.2
    version: 20.1.2
  bun:
    specifier: ^1.0.33
    version: 1.0.33

packages:

  /@anthropic-ai/sdk@0.19.0:
    resolution: {integrity: sha512-mv4JtBGLKtpi7XK6Car2Tb+xwdgOuaMtRxxJoO27tqFESgGWdlxSWU65ntjIXAFFLABbRCtVFsnXTBS1AlF6NQ==}
    dependencies:
      '@types/node': 18.19.26
      '@types/node-fetch': 2.6.11
      abort-controller: 3.0.0
      agentkeepalive: 4.5.0
      digest-fetch: 1.3.0
      form-data-encoder: 1.7.2
      formdata-node: 4.4.1
      node-fetch: 2.7.0
      web-streams-polyfill: 3.3.3
    transitivePeerDependencies:
      - encoding
    dev: false

  /@biomejs/biome@1.6.1:
    resolution: {integrity: sha512-SILQvA2S0XeaOuu1bivv6fQmMo7zMfr2xqDEN+Sz78pGbAKZnGmg0emsXjQWoBY/RVm9kPCgX+aGEpZZTYaM7w==}
    engines: {node: '>=14.*'}
    hasBin: true
    requiresBuild: true
    optionalDependencies:
      '@biomejs/cli-darwin-arm64': 1.6.1
      '@biomejs/cli-darwin-x64': 1.6.1
      '@biomejs/cli-linux-arm64': 1.6.1
      '@biomejs/cli-linux-arm64-musl': 1.6.1
      '@biomejs/cli-linux-x64': 1.6.1
      '@biomejs/cli-linux-x64-musl': 1.6.1
      '@biomejs/cli-win32-arm64': 1.6.1
      '@biomejs/cli-win32-x64': 1.6.1
    dev: true

  /@biomejs/cli-darwin-arm64@1.6.1:
    resolution: {integrity: sha512-KlvY00iB9T/vFi4m/GXxEyYkYnYy6aw06uapzUIIdiMMj7I/pmZu7CsZlzWdekVD0j+SsQbxdZMsb0wPhnRSsg==}
    engines: {node: '>=14.*'}
    cpu: [arm64]
    os: [darwin]
    requiresBuild: true
    dev: true
    optional: true

  /@biomejs/cli-darwin-x64@1.6.1:
    resolution: {integrity: sha512-jP4E8TXaQX5e3nvRJSzB+qicZrdIDCrjR0sSb1DaDTx4JPZH5WXq/BlTqAyWi3IijM+IYMjWqAAK4kOHsSCzxw==}
    engines: {node: '>=14.*'}
    cpu: [x64]
    os: [darwin]
    requiresBuild: true
    dev: true
    optional: true

  /@biomejs/cli-linux-arm64-musl@1.6.1:
    resolution: {integrity: sha512-YdkDgFecdHJg7PJxAMaZIixVWGB6St4yH08BHagO0fEhNNiY8cAKEVo2mcXlsnEiTMpeSEAY9VxLUrVT3IVxpw==}
    engines: {node: '>=14.*'}
    cpu: [arm64]
    os: [linux]
    requiresBuild: true
    dev: true
    optional: true

  /@biomejs/cli-linux-arm64@1.6.1:
    resolution: {integrity: sha512-nxD1UyX3bWSl/RSKlib/JsOmt+652/9yieogdSC/UTLgVCZYOF7u8L/LK7kAa0Y4nA8zSPavAQTgko7mHC2ObA==}
    engines: {node: '>=14.*'}
    cpu: [arm64]
    os: [linux]
    requiresBuild: true
    dev: true
    optional: true

  /@biomejs/cli-linux-x64-musl@1.6.1:
    resolution: {integrity: sha512-aSISIDmxq04NNy7tm4x9rBk2vH0ub2VDIE4outEmdC2LBtEJoINiphlZagx/FvjbsqUfygent9QUSn0oREnAXg==}
    engines: {node: '>=14.*'}
    cpu: [x64]
    os: [linux]
    requiresBuild: true
    dev: true
    optional: true

  /@biomejs/cli-linux-x64@1.6.1:
    resolution: {integrity: sha512-BYAzenlMF3QdngjNFw9QVBXKGNzeecqwF3pwDgUGEvU7OJpn1/lyVkJVxYPtVGRNdjQ9e6l/s8NjKuBpW/ZR4Q==}
    engines: {node: '>=14.*'}
    cpu: [x64]
    os: [linux]
    requiresBuild: true
    dev: true
    optional: true

  /@biomejs/cli-win32-arm64@1.6.1:
    resolution: {integrity: sha512-/eCHQKZ1kEawUpkSuXq4urtxMsD1P1678OPG3zNKt3ru16AqqspLdO3jzBe3k74xCPYnQ36e9Yqc97Mo0qgPtg==}
    engines: {node: '>=14.*'}
    cpu: [arm64]
    os: [win32]
    requiresBuild: true
    dev: true
    optional: true

  /@biomejs/cli-win32-x64@1.6.1:
    resolution: {integrity: sha512-5TUZbzBwnDLFxLVGEPsorNi6eC2Gt+z4Oei9Qvq0M/4c4/mjZ96ABgwao/tMxf4ZBr/qyy2YdvF+gX9Rc+xC0A==}
    engines: {node: '>=14.*'}
    cpu: [x64]
    os: [win32]
    requiresBuild: true
    dev: true
    optional: true

  /@oven/bun-darwin-aarch64@1.0.33:
    resolution: {integrity: sha512-Hd7ZxKETiDB3CQi4JzetyIPRLYyxmW5OTO/hTPVnpIoaRYwAEF2ymxiTQGTxlp88lStcuECyOBbaNuGvrww0kA==}
    cpu: [arm64]
    os: [darwin]
    requiresBuild: true
    dev: true
    optional: true

  /@oven/bun-darwin-x64-baseline@1.0.33:
    resolution: {integrity: sha512-Jf1zVsyleXgJAnvr1jOi/dY+bs6eZ5RV6MGucBK/YOSmdDrrh2xTgjM1qABfTO4DnzDgWHigNSUwI+EpQqroFA==}
    cpu: [x64]
    os: [darwin]
    requiresBuild: true
    dev: true
    optional: true

  /@oven/bun-darwin-x64@1.0.33:
    resolution: {integrity: sha512-X5AIltSEoS8c2Tmw49+yPLyJ0iPm1wwgktL0/GWwZllCFCR/kWH/C8wS8VYMIDh/84cSzuDepXVOMbse0TygNg==}
    cpu: [x64]
    os: [darwin]
    requiresBuild: true
    dev: true
    optional: true

  /@oven/bun-linux-aarch64@1.0.33:
    resolution: {integrity: sha512-EfbW2qi2vOt/4AgLc/H/SCa1l5rwr7KEnZj1IAuiwRkR91SPAdKi8xcxmYq8S37clGhKfENaWiLuT9KCScO3gQ==}
    cpu: [arm64]
    os: [linux]
    requiresBuild: true
    dev: true
    optional: true

  /@oven/bun-linux-x64-baseline@1.0.33:
    resolution: {integrity: sha512-OIT0Fjgki4FOPgxz1Jq6/0MmDO5W+IXG8uhOc1+m6Qf77C6VlNPxD3cuXwWqFKa0Fvza/mJEsw+TUb0H5Z61aQ==}
    cpu: [x64]
    os: [linux]
    requiresBuild: true
    dev: true
    optional: true

  /@oven/bun-linux-x64@1.0.33:
    resolution: {integrity: sha512-336/bqGulWgvzQWPd0Mq6l12w0JX/+ptsNTHMuizj/bhbx8JuKOmXjbNowGRNv6wGOXERmadxe3PAChQqtq4qQ==}
    cpu: [x64]
    os: [linux]
    requiresBuild: true
    dev: true
    optional: true

  /@tsconfig/node20@20.1.2:
    resolution: {integrity: sha512-madaWq2k+LYMEhmcp0fs+OGaLFk0OenpHa4gmI4VEmCKX4PJntQ6fnnGADVFrVkBj0wIdAlQnK/MrlYTHsa1gQ==}
    dev: true

  /@types/node-fetch@2.6.11:
    resolution: {integrity: sha512-24xFj9R5+rfQJLRyM56qh+wnVSYhyXC2tkoBndtY0U+vubqNsYXGjufB2nn8Q6gt0LrARwL6UBtMCSVCwl4B1g==}
    dependencies:
      '@types/node': 18.19.26
      form-data: 4.0.0
    dev: false

  /@types/node@18.19.26:
    resolution: {integrity: sha512-+wiMJsIwLOYCvUqSdKTrfkS8mpTp+MPINe6+Np4TAGFWWRWiBQ5kSq9nZGCSPkzx9mvT+uEukzpX4MOSCydcvw==}
    dependencies:
      undici-types: 5.26.5
    dev: false

  /abort-controller@3.0.0:
    resolution: {integrity: sha512-h8lQ8tacZYnR3vNQTgibj+tODHI5/+l06Au2Pcriv/Gmet0eaj4TwWH41sO9wnHDiQsEj19q0drzdWdeAHtweg==}
    engines: {node: '>=6.5'}
    dependencies:
      event-target-shim: 5.0.1
    dev: false

  /agentkeepalive@4.5.0:
    resolution: {integrity: sha512-5GG/5IbQQpC9FpkRGsSvZI5QYeSCzlJHdpBQntCsuTOxhKD8lqKhrleg2Yi7yvMIf82Ycmmqln9U8V9qwEiJew==}
    engines: {node: '>= 8.0.0'}
    dependencies:
      humanize-ms: 1.2.1
    dev: false

  /asynckit@0.4.0:
    resolution: {integrity: sha512-Oei9OH4tRh0YqU3GxhX79dM/mwVgvbZJaSNaRk+bshkj0S5cfHcgYakreBjrHwatXKbz+IoIdYLxrKim2MjW0Q==}
    dev: false

  /base-64@0.1.0:
    resolution: {integrity: sha512-Y5gU45svrR5tI2Vt/X9GPd3L0HNIKzGu202EjxrXMpuc2V2CiKgemAbUUsqYmZJvPtCXoUKjNZwBJzsNScUbXA==}
    dev: false

  /bun@1.0.33:
    resolution: {integrity: sha512-WTh8AST6fKRwnbVjQYxvYYeh1Q1PiDD/XdlV/qnkv6RRsLZodSZ3PWttya9PiUOLymBaCWP16PpfptGhFrpoQQ==}
    cpu: [arm64, x64]
    os: [darwin, linux]
    hasBin: true
    requiresBuild: true
    optionalDependencies:
      '@oven/bun-darwin-aarch64': 1.0.33
      '@oven/bun-darwin-x64': 1.0.33
      '@oven/bun-darwin-x64-baseline': 1.0.33
      '@oven/bun-linux-aarch64': 1.0.33
      '@oven/bun-linux-x64': 1.0.33
      '@oven/bun-linux-x64-baseline': 1.0.33
    dev: true

  /charenc@0.0.2:
    resolution: {integrity: sha512-yrLQ/yVUFXkzg7EDQsPieE/53+0RlaWTs+wBrvW36cyilJ2SaDWfl4Yj7MtLTXleV9uEKefbAGUPv2/iWSooRA==}
    dev: false

  /combined-stream@1.0.8:
    resolution: {integrity: sha512-FQN4MRfuJeHf7cBbBMJFXhKSDq+2kAArBlmRBvcvFE5BB1HZKXtSFASDhdlz9zOYwxh8lDdnvmMOe/+5cdoEdg==}
    engines: {node: '>= 0.8'}
    dependencies:
      delayed-stream: 1.0.0
    dev: false

  /crypt@0.0.2:
    resolution: {integrity: sha512-mCxBlsHFYh9C+HVpiEacem8FEBnMXgU9gy4zmNC+SXAZNB/1idgp/aulFJ4FgCi7GPEVbfyng092GqL2k2rmow==}
    dev: false

  /delayed-stream@1.0.0:
    resolution: {integrity: sha512-ZySD7Nf91aLB0RxL4KGrKHBXl7Eds1DAmEdcoVawXnLD7SDhpNgtuII2aAkg7a7QS41jxPSZ17p4VdGnMHk3MQ==}
    engines: {node: '>=0.4.0'}
    dev: false

  /digest-fetch@1.3.0:
    resolution: {integrity: sha512-CGJuv6iKNM7QyZlM2T3sPAdZWd/p9zQiRNS9G+9COUCwzWFTs0Xp8NF5iePx7wtvhDykReiRRrSeNb4oMmB8lA==}
    dependencies:
      base-64: 0.1.0
      md5: 2.3.0
    dev: false

  /dotenv@16.4.5:
    resolution: {integrity: sha512-ZmdL2rui+eB2YwhsWzjInR8LldtZHGDoQ1ugH85ppHKwpUHL7j7rN0Ti9NCnGiQbhaZ11FpR+7ao1dNsmduNUg==}
    engines: {node: '>=12'}
    dev: false

  /event-target-shim@5.0.1:
    resolution: {integrity: sha512-i/2XbnSz/uxRCU6+NdVJgKWDTM427+MqYbkQzD321DuCQJUqOuJKIA0IM2+W2xtYHdKOmZ4dR6fExsd4SXL+WQ==}
    engines: {node: '>=6'}
    dev: false

  /form-data-encoder@1.7.2:
    resolution: {integrity: sha512-qfqtYan3rxrnCk1VYaA4H+Ms9xdpPqvLZa6xmMgFvhO32x7/3J/ExcTd6qpxM0vH2GdMI+poehyBZvqfMTto8A==}
    dev: false

  /form-data@4.0.0:
    resolution: {integrity: sha512-ETEklSGi5t0QMZuiXoA/Q6vcnxcLQP5vdugSpuAyi6SVGi2clPPp+xgEhuMaHC+zGgn31Kd235W35f7Hykkaww==}
    engines: {node: '>= 6'}
    dependencies:
      asynckit: 0.4.0
      combined-stream: 1.0.8
      mime-types: 2.1.35
    dev: false

  /formdata-node@4.4.1:
    resolution: {integrity: sha512-0iirZp3uVDjVGt9p49aTaqjk84TrglENEDuqfdlZQ1roC9CWlPk6Avf8EEnZNcAqPonwkG35x4n3ww/1THYAeQ==}
    engines: {node: '>= 12.20'}
    dependencies:
      node-domexception: 1.0.0
      web-streams-polyfill: 4.0.0-beta.3
    dev: false

  /humanize-ms@1.2.1:
    resolution: {integrity: sha512-Fl70vYtsAFb/C06PTS9dZBo7ihau+Tu/DNCk/OyHhea07S+aeMWpFFkUaXRa8fI+ScZbEI8dfSxwY7gxZ9SAVQ==}
    dependencies:
      ms: 2.1.3
    dev: false

  /is-buffer@1.1.6:
    resolution: {integrity: sha512-NcdALwpXkTm5Zvvbk7owOUSvVvBKDgKP5/ewfXEznmQFfs4ZRmanOeKBTjRVjka3QFoN6XJ+9F3USqfHqTaU5w==}
    dev: false

  /md5@2.3.0:
    resolution: {integrity: sha512-T1GITYmFaKuO91vxyoQMFETst+O71VUPEU3ze5GNzDm0OWdP8v1ziTaAEPUr/3kLsY3Sftgz242A1SetQiDL7g==}
    dependencies:
      charenc: 0.0.2
      crypt: 0.0.2
      is-buffer: 1.1.6
    dev: false

  /mime-db@1.52.0:
    resolution: {integrity: sha512-sPU4uV7dYlvtWJxwwxHD0PuihVNiE7TyAbQ5SWxDCB9mUYvOgroQOwYQQOKPJ8CIbE+1ETVlOoK1UC2nU3gYvg==}
    engines: {node: '>= 0.6'}
    dev: false

  /mime-types@2.1.35:
    resolution: {integrity: sha512-ZDY+bPm5zTTF+YpCrAU9nK0UgICYPT0QtT1NZWFv4s++TNkcgVaT0g6+4R2uI4MjQjzysHB1zxuWL50hzaeXiw==}
    engines: {node: '>= 0.6'}
    dependencies:
      mime-db: 1.52.0
    dev: false

  /ms@2.1.3:
    resolution: {integrity: sha512-6FlzubTLZG3J2a/NVCAleEhjzq5oxgHyaCU9yYXvcLsvoVaHJq/s5xXI6/XXP6tz7R9xAOtHnSO/tXtF3WRTlA==}
    dev: false

  /node-domexception@1.0.0:
    resolution: {integrity: sha512-/jKZoMpw0F8GRwl4/eLROPA3cfcXtLApP0QzLmUT/HuPCZWyB7IY9ZrMeKw2O/nFIqPQB3PVM9aYm0F312AXDQ==}
    engines: {node: '>=10.5.0'}
    dev: false

  /node-fetch@2.7.0:
    resolution: {integrity: sha512-c4FRfUm/dbcWZ7U+1Wq0AwCyFL+3nt2bEw05wfxSz+DWpWsitgmSgYmy2dQdWyKC1694ELPqMs/YzUSNozLt8A==}
    engines: {node: 4.x || >=6.0.0}
    peerDependencies:
      encoding: ^0.1.0
    peerDependenciesMeta:
      encoding:
        optional: true
    dependencies:
      whatwg-url: 5.0.0
    dev: false

  /tr46@0.0.3:
    resolution: {integrity: sha512-N3WMsuqV66lT30CrXNbEjx4GEwlow3v6rr4mCcv6prnfwhS01rkgyFdjPNBYd9br7LpXV1+Emh01fHnq2Gdgrw==}
    dev: false

  /undici-types@5.26.5:
    resolution: {integrity: sha512-JlCMO+ehdEIKqlFxk6IfVoAUVmgz7cU7zD/h9XZ0qzeosSHmUJVOzSQvvYSYWXkFXC+IfLKSIffhv0sVZup6pA==}
    dev: false

  /web-streams-polyfill@3.3.3:
    resolution: {integrity: sha512-d2JWLCivmZYTSIoge9MsgFCZrt571BikcWGYkjC1khllbTeDlGqZ2D8vD8E/lJa8WGWbb7Plm8/XJYV7IJHZZw==}
    engines: {node: '>= 8'}
    dev: false

  /web-streams-polyfill@4.0.0-beta.3:
    resolution: {integrity: sha512-QW95TCTaHmsYfHDybGMwO5IJIM93I/6vTRk+daHTWFPhwh+C8Cg7j7XyKrwrj8Ib6vYXe0ocYNrmzY4xAAN6ug==}
    engines: {node: '>= 14'}
    dev: false

  /webidl-conversions@3.0.1:
    resolution: {integrity: sha512-2JAn3z8AR6rjK8Sm8orRC0h/bcl/DqL7tRPdGZ4I1CjdF+EaMLmYxBHyXuKL849eucPFhvBoxMsflfOb8kxaeQ==}
    dev: false

  /whatwg-url@5.0.0:
    resolution: {integrity: sha512-saE57nupxk6v3HY35+jzBwYa0rKSy0XR8JSxZPwgLr7ys0IBzhGviA1/TUGJLmSVqs8pb9AnvICXEuOHLprYTw==}
    dependencies:
      tr46: 0.0.3
      webidl-conversions: 3.0.1
    dev: false
